
Microsoft Visual Studio Solution File, Format Version 12.00
Project("{FAE04EC0-301F-11D3-BF4B-00C04F79EFBC}") = "Calculator", "Calculator\Calculator.csproj", "{76866F8D-1948-4A97-A4CC-07A021D4DA12}"
EndProject
Project("{FAE04EC0-301F-11D3-BF4B-00C04F79EFBC}") = "Evaluator", "Evaluator\Evaluator.csproj", "{735C09E4-1E7D-46D4-B70F-C71919E448A5}"
EndProject
Global
	GlobalSection(SolutionConfigurationPlatforms) = preSolution
		Debug|Any CPU = Debug|Any CPU
		Release|Any CPU = Release|Any CPU
	EndGlobalSection
	GlobalSection(ProjectConfigurationPlatforms) = postSolution
		{76866F8D-1948-4A97-A4CC-07A021D4DA12}.Debug|Any CPU.ActiveCfg = Debug|Any CPU
		{76866F8D-1948-4A97-A4CC-07A021D4DA12}.Debug|Any CPU.Build.0 = Debug|Any CPU
		{76866F8D-1948-4A97-A4CC-07A021D4DA12}.Release|Any CPU.ActiveCfg = Release|Any CPU
		{76866F8D-1948-4A97-A4CC-07A021D4DA12}.Release|Any CPU.Build.0 = Release|Any CPU
		{735C09E4-1E7D-46D4-B70F-C71919E448A5}.Debug|Any CPU.ActiveCfg = Debug|Any CPU
		{735C09E4-1E7D-46D4-B70F-C71919E448A5}.Debug|Any CPU.Build.0 = Debug|Any CPU
		{735C09E4-1E7D-46D4-B70F-C71919E448A5}.Release|Any CPU.ActiveCfg = Release|Any CPU
		{735C09E4-1E7D-46D4-B70F-C71919E448A5}.Release|Any CPU.Build.0 = Release|Any CPU
	EndGlobalSection
EndGlobal
